
Microsoft Visual Studio Solution File, Format Version 12.00
# Visual Studio Version 16
VisualStudioVersion = 16.0.29411.108
MinimumVisualStudioVersion = 10.0.40219.1
Project("{FAE04EC0-301F-11D3-BF4B-00C04F79EFBC}") = "Tarea2.2", "Tarea2.2.csproj", "{1E9648A1-E6EA-490D-AB16-B0FC71316D40}"
EndProject
Project("{FAE04EC0-301F-11D3-BF4B-00C04F79EFBC}") = "Tarea2.3", "Tarea 2.3\Tarea2.3.csproj", "{99EF5C67-B041-4B73-A610-83093E4CA479}"
EndProject
Project("{FAE04EC0-301F-11D3-BF4B-00C04F79EFBC}") = "Tarea2.5", "Tarea2.5\Tarea2.5.csproj", "{6946D5F8-2306-460B-BFBC-F6E3A8E94D06}"
EndProject
Project("{FAE04EC0-301F-11D3-BF4B-00C04F79EFBC}") = "Tarea2.6", "Tarea2.6\Tarea2.6.csproj", "{DA975121-C089-4C38-93ED-B7BD500CC5C7}"
EndProject
Project("{FAE04EC0-301F-11D3-BF4B-00C04F79EFBC}") = "Tarea2.7", "Tarea2.7\Tarea2.7.csproj", "{542D3945-F7FE-4718-AC0B-44448821BBE2}"
EndProject
Project("{FAE04EC0-301F-11D3-BF4B-00C04F79EFBC}") = "Tarea2.8", "Tarea2.8\Tarea2.8.csproj", "{0EDF30E4-3AA6-4CA2-8FC7-85E7F4F8B237}"
EndProject
Project("{FAE04EC0-301F-11D3-BF4B-00C04F79EFBC}") = "Tarea2.4", "Tarea2.4\Tarea2.4.csproj", "{47F7DB32-4BDC-456A-A82A-7CB67D02B7BE}"
EndProject
Global
	GlobalSection(SolutionConfigurationPlatforms) = preSolution
		Debug|Any CPU = Debug|Any CPU
		Release|Any CPU = Release|Any CPU
	EndGlobalSection
	GlobalSection(ProjectConfigurationPlatforms) = postSolution
		{1E9648A1-E6EA-490D-AB16-B0FC71316D40}.Debug|Any CPU.ActiveCfg = Debug|Any CPU
		{1E9648A1-E6EA-490D-AB16-B0FC71316D40}.Debug|Any CPU.Build.0 = Debug|Any CPU
		{1E9648A1-E6EA-490D-AB16-B0FC71316D40}.Release|Any CPU.ActiveCfg = Release|Any CPU
		{1E9648A1-E6EA-490D-AB16-B0FC71316D40}.Release|Any CPU.Build.0 = Release|Any CPU
		{99EF5C67-B041-4B73-A610-83093E4CA479}.Debug|Any CPU.ActiveCfg = Debug|Any CPU
		{99EF5C67-B041-4B73-A610-83093E4CA479}.Debug|Any CPU.Build.0 = Debug|Any CPU
		{99EF5C67-B041-4B73-A610-83093E4CA479}.Release|Any CPU.ActiveCfg = Release|Any CPU
		{99EF5C67-B041-4B73-A610-83093E4CA479}.Release|Any CPU.Build.0 = Release|Any CPU
		{6946D5F8-2306-460B-BFBC-F6E3A8E94D06}.Debug|Any CPU.ActiveCfg = Debug|Any CPU
		{6946D5F8-2306-460B-BFBC-F6E3A8E94D06}.Debug|Any CPU.Build.0 = Debug|Any CPU
		{6946D5F8-2306-460B-BFBC-F6E3A8E94D06}.Release|Any CPU.ActiveCfg = Release|Any CPU
		{6946D5F8-2306-460B-BFBC-F6E3A8E94D06}.Release|Any CPU.Build.0 = Release|Any CPU
		{DA975121-C089-4C38-93ED-B7BD500CC5C7}.Debug|Any CPU.ActiveCfg = Debug|Any CPU
		{DA975121-C089-4C38-93ED-B7BD500CC5C7}.Debug|Any CPU.Build.0 = Debug|Any CPU
		{DA975121-C089-4C38-93ED-B7BD500CC5C7}.Release|Any CPU.ActiveCfg = Release|Any CPU
		{DA975121-C089-4C38-93ED-B7BD500CC5C7}.Release|Any CPU.Build.0 = Release|Any CPU
		{542D3945-F7FE-4718-AC0B-44448821BBE2}.Debug|Any CPU.ActiveCfg = Debug|Any CPU
		{542D3945-F7FE-4718-AC0B-44448821BBE2}.Debug|Any CPU.Build.0 = Debug|Any CPU
		{542D3945-F7FE-4718-AC0B-44448821BBE2}.Release|Any CPU.ActiveCfg = Release|Any CPU
		{542D3945-F7FE-4718-AC0B-44448821BBE2}.Release|Any CPU.Build.0 = Release|Any CPU
		{0EDF30E4-3AA6-4CA2-8FC7-85E7F4F8B237}.Debug|Any CPU.ActiveCfg = Debug|Any CPU
		{0EDF30E4-3AA6-4CA2-8FC7-85E7F4F8B237}.Debug|Any CPU.Build.0 = Debug|Any CPU
		{0EDF30E4-3AA6-4CA2-8FC7-85E7F4F8B237}.Release|Any CPU.ActiveCfg = Release|Any CPU
		{0EDF30E4-3AA6-4CA2-8FC7-85E7F4F8B237}.Release|Any CPU.Build.0 = Release|Any CPU
		{47F7DB32-4BDC-456A-A82A-7CB67D02B7BE}.Debug|Any CPU.ActiveCfg = Debug|Any CPU
		{47F7DB32-4BDC-456A-A82A-7CB67D02B7BE}.Debug|Any CPU.Build.0 = Debug|Any CPU
		{47F7DB32-4BDC-456A-A82A-7CB67D02B7BE}.Release|Any CPU.ActiveCfg = Release|Any CPU
		{47F7DB32-4BDC-456A-A82A-7CB67D02B7BE}.Release|Any CPU.Build.0 = Release|Any CPU
	EndGlobalSection
	GlobalSection(SolutionProperties) = preSolution
		HideSolutionNode = FALSE
	EndGlobalSection
	GlobalSection(ExtensibilityGlobals) = postSolution
		SolutionGuid = {C33BE650-A460-454A-8CDE-BD770149F9E1}
	EndGlobalSection
EndGlobal
